
Microsoft Visual Studio Solution File, Format Version 12.00
# Visual Studio Version 18
VisualStudioVersion = 18.0.11217.181 d18.0
MinimumVisualStudioVersion = 10.0.40219.1
Project("{FAE04EC0-301F-11D3-BF4B-00C04F79EFBC}") = "ExpandeBO_Backend", "ExpandeBO_Backend.csproj", "{B232FAC6-54B2-0FF1-FEEE-450FF07C01EC}"
EndProject
Global
	GlobalSection(SolutionConfigurationPlatforms) = preSolution
		Debug|Any CPU = Debug|Any CPU
		Release|Any CPU = Release|Any CPU
	EndGlobalSection
	GlobalSection(ProjectConfigurationPlatforms) = postSolution
		{B232FAC6-54B2-0FF1-FEEE-450FF07C01EC}.Debug|Any CPU.ActiveCfg = Debug|Any CPU
		{B232FAC6-54B2-0FF1-FEEE-450FF07C01EC}.Debug|Any CPU.Build.0 = Debug|Any CPU
		{B232FAC6-54B2-0FF1-FEEE-450FF07C01EC}.Release|Any CPU.ActiveCfg = Release|Any CPU
		{B232FAC6-54B2-0FF1-FEEE-450FF07C01EC}.Release|Any CPU.Build.0 = Release|Any CPU
	EndGlobalSection
	GlobalSection(SolutionProperties) = preSolution
		HideSolutionNode = FALSE
	EndGlobalSection
	GlobalSection(ExtensibilityGlobals) = postSolution
		SolutionGuid = {461F305A-85EF-49B2-830E-DBC527C5FBA3}
	EndGlobalSection
EndGlobal
